// !$*UTF8*$!
{
	archiveVersion = 1;
	classes = {
	};
	objectVersion = 46;
	objects = {

/* Begin PBXBuildFile section */
		0F52D6C71F02BC0A00280B4F /* assets-2.atlas in Resources */ = {isa = PBXBuildFile; fileRef = 0F52D6C61F02BC0A00280B4F /* assets-2.atlas */; };
		0F52D6C91F02BCD700280B4F /* SFX-2 in Resources */ = {isa = PBXBuildFile; fileRef = 0F52D6C81F02BCD700280B4F /* SFX-2 */; };
		0F52D6CB1F02BD0F00280B4F /* MSButtonNode.swift in Sources */ = {isa = PBXBuildFile; fileRef = 0F52D6CA1F02BD0F00280B4F /* MSButtonNode.swift */; };
		0F52D6CD1F02C0A100280B4F /* SushiPiece.swift in Sources */ = {isa = PBXBuildFile; fileRef = 0F52D6CC1F02C0A100280B4F /* SushiPiece.swift */; };
		0F52D6CF1F02C40D00280B4F /* Character.swift in Sources */ = {isa = PBXBuildFile; fileRef = 0F52D6CE1F02C40D00280B4F /* Character.swift */; };
		0FBAB6E21F02BB59008D587B /* AppDelegate.swift in Sources */ = {isa = PBXBuildFile; fileRef = 0FBAB6E11F02BB59008D587B /* AppDelegate.swift */; };
		0FBAB6E41F02BB59008D587B /* GameScene.sks in Resources */ = {isa = PBXBuildFile; fileRef = 0FBAB6E31F02BB59008D587B /* GameScene.sks */; };
		0FBAB6E61F02BB59008D587B /* Actions.sks in Resources */ = {isa = PBXBuildFile; fileRef = 0FBAB6E51F02BB59008D587B /* Actions.sks */; };
		0FBAB6E81F02BB59008D587B /* GameScene.swift in Sources */ = {isa = PBXBuildFile; fileRef = 0FBAB6E71F02BB59008D587B /* GameScene.swift */; };
		0FBAB6EA1F02BB59008D587B /* GameViewController.swift in Sources */ = {isa = PBXBuildFile; fileRef = 0FBAB6E91F02BB59008D587B /* GameViewController.swift */; };
		0FBAB6ED1F02BB59008D587B /* Main.storyboard in Resources */ = {isa = PBXBuildFile; fileRef = 0FBAB6EB1F02BB59008D587B /* Main.storyboard */; };
		0FBAB6EF1F02BB59008D587B /* Assets.xcassets in Resources */ = {isa = PBXBuildFile; fileRef = 0FBAB6EE1F02BB59008D587B /* Assets.xcassets */; };
		0FBAB6F21F02BB59008D587B /* LaunchScreen.storyboard in Resources */ = {isa = PBXBuildFile; fileRef = 0FBAB6F01F02BB59008D587B /* LaunchScreen.storyboard */; };
/* End PBXBuildFile section */

/* Begin PBXFileReference section */
		0F52D6C61F02BC0A00280B4F /* assets-2.atlas */ = {isa = PBXFileReference; lastKnownFileType = folder.skatlas; name = "assets-2.atlas"; path = "Sushi Neko/assets-2.atlas"; sourceTree = "<group>"; };
		0F52D6C81F02BCD700280B4F /* SFX-2 */ = {isa = PBXFileReference; lastKnownFileType = folder; path = "SFX-2"; sourceTree = "<group>"; };
		0F52D6CA1F02BD0F00280B4F /* MSButtonNode.swift */ = {isa = PBXFileReference; fileEncoding = 4; lastKnownFileType = sourcecode.swift; path = MSButtonNode.swift; sourceTree = "<group>"; };
		0F52D6CC1F02C0A100280B4F /* SushiPiece.swift */ = {isa = PBXFileReference; fileEncoding = 4; lastKnownFileType = sourcecode.swift; path = SushiPiece.swift; sourceTree = "<group>"; };
		0F52D6CE1F02C40D00280B4F /* Character.swift */ = {isa = PBXFileReference; fileEncoding = 4; lastKnownFileType = sourcecode.swift; path = Character.swift; sourceTree = "<group>"; };
		0FBAB6DE1F02BB59008D587B /* Sushi Neko.app */ = {isa = PBXFileReference; explicitFileType = wrapper.application; includeInIndex = 0; path = "Sushi Neko.app"; sourceTree = BUILT_PRODUCTS_DIR; };
		0FBAB6E11F02BB59008D587B /* AppDelegate.swift */ = {isa = PBXFileReference; lastKnownFileType = sourcecode.swift; path = AppDelegate.swift; sourceTree = "<group>"; };
		0FBAB6E31F02BB59008D587B /* GameScene.sks */ = {isa = PBXFileReference; lastKnownFileType = file.sks; path = GameScene.sks; sourceTree = "<group>"; };
		0FBAB6E51F02BB59008D587B /* Actions.sks */ = {isa = PBXFileReference; lastKnownFileType = file.sks; path = Actions.sks; sourceTree = "<group>"; };
		0FBAB6E71F02BB59008D587B /* GameScene.swift */ = {isa = PBXFileReference; lastKnownFileType = sourcecode.swift; path = GameScene.swift; sourceTree = "<group>"; };
		0FBAB6E91F02BB59008D587B /* GameViewController.swift */ = {isa = PBXFileReference; lastKnownFileType = sourcecode.swift; path = GameViewController.swift; sourceTree = "<group>"; };
		0FBAB6EC1F02BB59008D587B /* Base */ = {isa = PBXFileReference; lastKnownFileType = file.storyboard; name = Base; path = Base.lproj/Main.storyboard; sourceTree = "<group>"; };
		0FBAB6EE1F02BB59008D587B /* Assets.xcassets */ = {isa = PBXFileReference; lastKnownFileType = folder.assetcatalog; path = Assets.xcassets; sourceTree = "<group>"; };
		0FBAB6F11F02BB59008D587B /* Base */ = {isa = PBXFileReference; lastKnownFileType = file.storyboard; name = Base; path = Base.lproj/LaunchScreen.storyboard; sourceTree = "<group>"; };
		0FBAB6F31F02BB59008D587B /* Info.plist */ = {isa = PBXFileReference; lastKnownFileType = text.plist.xml; path = Info.plist; sourceTree = "<group>"; };
/* End PBXFileReference section */

/* Begin PBXFrameworksBuildPhase section */
		0FBAB6DB1F02BB59008D587B /* Frameworks */ = {
			isa = PBXFrameworksBuildPhase;
			buildActionMask = 2147483647;
			files = (
			);
			runOnlyForDeploymentPostprocessing = 0;
		};
/* End PBXFrameworksBuildPhase section */

/* Begin PBXGroup section */
		0FBAB6D51F02BB59008D587B = {
			isa = PBXGroup;
			children = (
				0FBAB6E01F02BB59008D587B /* Sushi Neko */,
				0FBAB6DF1F02BB59008D587B /* Products */,
				0F52D6C81F02BCD700280B4F /* SFX-2 */,
				0F52D6C61F02BC0A00280B4F /* assets-2.atlas */,
			);
			sourceTree = "<group>";
		};
		0FBAB6DF1F02BB59008D587B /* Products */ = {
			isa = PBXGroup;
			children = (
				0FBAB6DE1F02BB59008D587B /* Sushi Neko.app */,
			);
			name = Products;
			sourceTree = "<group>";
		};
		0FBAB6E01F02BB59008D587B /* Sushi Neko */ = {
			isa = PBXGroup;
			children = (
				0FBAB6E11F02BB59008D587B /* AppDelegate.swift */,
				0FBAB6E31F02BB59008D587B /* GameScene.sks */,
				0F52D6CE1F02C40D00280B4F /* Character.swift */,
				0FBAB6E51F02BB59008D587B /* Actions.sks */,
				0FBAB6E71F02BB59008D587B /* GameScene.swift */,
				0F52D6CC1F02C0A100280B4F /* SushiPiece.swift */,
				0FBAB6E91F02BB59008D587B /* GameViewController.swift */,
				0FBAB6EB1F02BB59008D587B /* Main.storyboard */,
				0FBAB6EE1F02BB59008D587B /* Assets.xcassets */,
				0FBAB6F01F02BB59008D587B /* LaunchScreen.storyboard */,
				0FBAB6F31F02BB59008D587B /* Info.plist */,
				0F52D6CA1F02BD0F00280B4F /* MSButtonNode.swift */,
			);
			path = "Sushi Neko";
			sourceTree = "<group>";
		};
/* End PBXGroup section */

/* Begin PBXNativeTarget section */
		0FBAB6DD1F02BB59008D587B /* Sushi Neko */ = {
			isa = PBXNativeTarget;
			buildConfigurationList = 0FBAB6F61F02BB59008D587B /* Build configuration list for PBXNativeTarget "Sushi Neko" */;
			buildPhases = (
				0FBAB6DA1F02BB59008D587B /* Sources */,
				0FBAB6DB1F02BB59008D587B /* Frameworks */,
				0FBAB6DC1F02BB59008D587B /* Resources */,
			);
			buildRules = (
			);
			dependencies = (
			);
			name = "Sushi Neko";
			productName = "Sushi Neko";
			productReference = 0FBAB6DE1F02BB59008D587B /* Sushi Neko.app */;
			productType = "com.apple.product-type.application";
		};
/* End PBXNativeTarget section */

/* Begin PBXProject section */
		0FBAB6D61F02BB59008D587B /* Project object */ = {
			isa = PBXProject;
			attributes = {
				LastSwiftUpdateCheck = 0830;
				LastUpgradeCheck = 0830;
				ORGANIZATIONNAME = "Marshall Cain";
				TargetAttributes = {
					0FBAB6DD1F02BB59008D587B = {
						CreatedOnToolsVersion = 8.3.3;
						DevelopmentTeam = 8NZVYD35X8;
						ProvisioningStyle = Automatic;
					};
				};
			};
			buildConfigurationList = 0FBAB6D91F02BB59008D587B /* Build configuration list for PBXProject "Sushi Neko" */;
			compatibilityVersion = "Xcode 3.2";
			developmentRegion = English;
			hasScannedForEncodings = 0;
			knownRegions = (
				en,
				Base,
			);
			mainGroup = 0FBAB6D51F02BB59008D587B;
			productRefGroup = 0FBAB6DF1F02BB59008D587B /* Products */;
			projectDirPath = "";
			projectRoot = "";
			targets = (
				0FBAB6DD1F02BB59008D587B /* Sushi Neko */,
			);
		};
/* End PBXProject section */

/* Begin PBXResourcesBuildPhase section */
		0FBAB6DC1F02BB59008D587B /* Resources */ = {
			isa = PBXResourcesBuildPhase;
			buildActionMask = 2147483647;
			files = (
				0FBAB6ED1F02BB59008D587B /* Main.storyboard in Resources */,
				0FBAB6E41F02BB59008D587B /* GameScene.sks in Resources */,
				0FBAB6EF1F02BB59008D587B /* Assets.xcassets in Resources */,
				0F52D6C71F02BC0A00280B4F /* assets-2.atlas in Resources */,
				0FBAB6F21F02BB59008D587B /* LaunchScreen.storyboard in Resources */,
				0F52D6C91F02BCD700280B4F /* SFX-2 in Resources */,
				0FBAB6E61F02BB59008D587B /* Actions.sks in Resources */,
			);
			runOnlyForDeploymentPostprocessing = 0;
		};
/* End PBXResourcesBuildPhase section */

/* Begin PBXSourcesBuildPhase section */
		0FBAB6DA1F02BB59008D587B /* Sources */ = {
			isa = PBXSourcesBuildPhase;
			buildActionMask = 2147483647;
			files = (
				0FBAB6E81F02BB59008D587B /* GameScene.swift in Sources */,
				0FBAB6EA1F02BB59008D587B /* GameViewController.swift in Sources */,
				0FBAB6E21F02BB59008D587B /* AppDelegate.swift in Sources */,
				0F52D6CF1F02C40D00280B4F /* Character.swift in Sources */,
				0F52D6CD1F02C0A100280B4F /* SushiPiece.swift in Sources */,
				0F52D6CB1F02BD0F00280B4F /* MSButtonNode.swift in Sources */,
			);
			runOnlyForDeploymentPostprocessing = 0;
		};
/* End PBXSourcesBuildPhase section */

/* Begin PBXVariantGroup section */
		0FBAB6EB1F02BB59008D587B /* Main.storyboard */ = {
			isa = PBXVariantGroup;
			children = (
				0FBAB6EC1F02BB59008D587B /* Base */,
			);
			name = Main.storyboard;
			sourceTree = "<group>";
		};
		0FBAB6F01F02BB59008D587B /* LaunchScreen.storyboard */ = {
			isa = PBXVariantGroup;
			children = (
				0FBAB6F11F02BB59008D587B /* Base */,
			);
			name = LaunchScreen.storyboard;
			sourceTree = "<group>";
		};
/* End PBXVariantGroup section */

/* Begin XCBuildConfiguration section */
		0FBAB6F41F02BB59008D587B /* Debug */ = {
			isa = XCBuildConfiguration;
			buildSettings = {
				ALWAYS_SEARCH_USER_PATHS = NO;
				CLANG_ANALYZER_NONNULL = YES;
				CLANG_ANALYZER_NUMBER_OBJECT_CONVERSION = YES_AGGRESSIVE;
				CLANG_CXX_LANGUAGE_STANDARD = "gnu++0x";
				CLANG_CXX_LIBRARY = "libc++";
				CLANG_ENABLE_MODULES = YES;
				CLANG_ENABLE_OBJC_ARC = YES;
				CLANG_WARN_BOOL_CONVERSION = YES;
				CLANG_WARN_CONSTANT_CONVERSION = YES;
				CLANG_WARN_DIRECT_OBJC_ISA_USAGE = YES_ERROR;
				CLANG_WARN_DOCUMENTATION_COMMENTS = YES;
				CLANG_WARN_EMPTY_BODY = YES;
				CLANG_WARN_ENUM_CONVERSION = YES;
				CLANG_WARN_INFINITE_RECURSION = YES;
				CLANG_WARN_INT_CONVERSION = YES;
				CLANG_WARN_OBJC_ROOT_CLASS = YES_ERROR;
				CLANG_WARN_SUSPICIOUS_MOVE = YES;
				CLANG_WARN_UNREACHABLE_CODE = YES;
				CLANG_WARN__DUPLICATE_METHOD_MATCH = YES;
				"CODE_SIGN_IDENTITY[sdk=iphoneos*]" = "iPhone Developer";
				COPY_PHASE_STRIP = NO;
				DEBUG_INFORMATION_FORMAT = dwarf;
				ENABLE_STRICT_OBJC_MSGSEND = YES;
				ENABLE_TESTABILITY = YES;
				GCC_C_LANGUAGE_STANDARD = gnu99;
				GCC_DYNAMIC_NO_PIC = NO;
				GCC_NO_COMMON_BLOCKS = YES;
				GCC_OPTIMIZATION_LEVEL = 0;
				GCC_PREPROCESSOR_DEFINITIONS = (
					"DEBUG=1",
					"$(inherited)",
				);
				GCC_WARN_64_TO_32_BIT_CONVERSION = YES;
				GCC_WARN_ABOUT_RETURN_TYPE = YES_ERROR;
				GCC_WARN_UNDECLARED_SELECTOR = YES;
				GCC_WARN_UNINITIALIZED_AUTOS = YES_AGGRESSIVE;
				GCC_WARN_UNUSED_FUNCTION = YES;
				GCC_WARN_UNUSED_VARIABLE = YES;
				IPHONEOS_DEPLOYMENT_TARGET = 10.3;
				MTL_ENABLE_DEBUG_INFO = YES;
				ONLY_ACTIVE_ARCH = YES;
				SDKROOT = iphoneos;
				SWIFT_ACTIVE_COMPILATION_CONDITIONS = DEBUG;
				SWIFT_OPTIMIZATION_LEVEL = "-Onone";
				TARGETED_DEVICE_FAMILY = "1,2";
			};
			name = Debug;
		};
		0FBAB6F51F02BB59008D587B /* Release */ = {
			isa = XCBuildConfiguration;
			buildSettings = {
				ALWAYS_SEARCH_USER_PATHS = NO;
				CLANG_ANALYZER_NONNULL = YES;
				CLANG_ANALYZER_NUMBER_OBJECT_CONVERSION = YES_AGGRESSIVE;
				CLANG_CXX_LANGUAGE_STANDARD = "gnu++0x";
				CLANG_CXX_LIBRARY = "libc++";
				CLANG_ENABLE_MODULES = YES;
				CLANG_ENABLE_OBJC_ARC = YES;
				CLANG_WARN_BOOL_CONVERSION = YES;
				CLANG_WARN_CONSTANT_CONVERSION = YES;
				CLANG_WARN_DIRECT_OBJC_ISA_USAGE = YES_ERROR;
				CLANG_WARN_DOCUMENTATION_COMMENTS = YES;
				CLANG_WARN_EMPTY_BODY = YES;
				CLANG_WARN_ENUM_CONVERSION = YES;
				CLANG_WARN_INFINITE_RECURSION = YES;
				CLANG_WARN_INT_CONVERSION = YES;
				CLANG_WARN_OBJC_ROOT_CLASS = YES_ERROR;
				CLANG_WARN_SUSPICIOUS_MOVE = YES;
				CLANG_WARN_UNREACHABLE_CODE = YES;
				CLANG_WARN__DUPLICATE_METHOD_MATCH = YES;
				"CODE_SIGN_IDENTITY[sdk=iphoneos*]" = "iPhone Developer";
				COPY_PHASE_STRIP = NO;
				DEBUG_INFORMATION_FORMAT = "dwarf-with-dsym";
				ENABLE_NS_ASSERTIONS = NO;
				ENABLE_STRICT_OBJC_MSGSEND = YES;
				GCC_C_LANGUAGE_STANDARD = gnu99;
				GCC_NO_COMMON_BLOCKS = YES;
				GCC_WARN_64_TO_32_BIT_CONVERSION = YES;
				GCC_WARN_ABOUT_RETURN_TYPE = YES_ERROR;
				GCC_WARN_UNDECLARED_SELECTOR = YES;
				GCC_WARN_UNINITIALIZED_AUTOS = YES_AGGRESSIVE;
				GCC_WARN_UNUSED_FUNCTION = YES;
				GCC_WARN_UNUSED_VARIABLE = YES;
				IPHONEOS_DEPLOYMENT_TARGET = 10.3;
				MTL_ENABLE_DEBUG_INFO = NO;
				SDKROOT = iphoneos;
				SWIFT_OPTIMIZATION_LEVEL = "-Owholemodule";
				TARGETED_DEVICE_FAMILY = "1,2";
				VALIDATE_PRODUCT = YES;
			};
			name = Release;
		};
		0FBAB6F71F02BB59008D587B /* Debug */ = {
			isa = XCBuildConfiguration;
			buildSettings = {
				ASSETCATALOG_COMPILER_APPICON_NAME = AppIcon;
				DEVELOPMENT_TEAM = 8NZVYD35X8;
				INFOPLIST_FILE = "Sushi Neko/Info.plist";
				LD_RUNPATH_SEARCH_PATHS = "$(inherited) @executable_path/Frameworks";
				PRODUCT_BUNDLE_IDENTIFIER = "com.mcain.Sushi-Neko";
				PRODUCT_NAME = "$(TARGET_NAME)";
				SWIFT_VERSION = 3.0;
				TARGETED_DEVICE_FAMILY = 1;
			};
			name = Debug;
		};
		0FBAB6F81F02BB59008D587B /* Release */ = {
			isa = XCBuildConfiguration;
			buildSettings = {
				ASSETCATALOG_COMPILER_APPICON_NAME = AppIcon;
				DEVELOPMENT_TEAM = 8NZVYD35X8;
				INFOPLIST_FILE = "Sushi Neko/Info.plist";
				LD_RUNPATH_SEARCH_PATHS = "$(inherited) @executable_path/Frameworks";
				PRODUCT_BUNDLE_IDENTIFIER = "com.mcain.Sushi-Neko";
				PRODUCT_NAME = "$(TARGET_NAME)";
				SWIFT_VERSION = 3.0;
				TARGETED_DEVICE_FAMILY = 1;
			};
			name = Release;
		};
/* End XCBuildConfiguration section */

/* Begin XCConfigurationList section */
		0FBAB6D91F02BB59008D587B /* Build configuration list for PBXProject "Sushi Neko" */ = {
			isa = XCConfigurationList;
			buildConfigurations = (
				0FBAB6F41F02BB59008D587B /* Debug */,
				0FBAB6F51F02BB59008D587B /* Release */,
			);
			defaultConfigurationIsVisible = 0;
			defaultConfigurationName = Release;
		};
		0FBAB6F61F02BB59008D587B /* Build configuration list for PBXNativeTarget "Sushi Neko" */ = {
			isa = XCConfigurationList;
			buildConfigurations = (
				0FBAB6F71F02BB59008D587B /* Debug */,
				0FBAB6F81F02BB59008D587B /* Release */,
			);
			defaultConfigurationIsVisible = 0;
			defaultConfigurationName = Release;
		};
/* End XCConfigurationList section */
	};
	rootObject = 0FBAB6D61F02BB59008D587B /* Project object */;
}
